// !$*UTF8*$!
{
	archiveVersion = 1;
	classes = {
	};
	objectVersion = 46;
	objects = {

/* Begin PBXBuildFile section */
		9C03AC0913BC91D300BD2A29 /* POI.m in Sources */ = {isa = PBXBuildFile; fileRef = 9C03AC0813BC91D300BD2A29 /* POI.m */; };
		9C03AC1713BCB15600BD2A29 /* DetailsViewController.m in Sources */ = {isa = PBXBuildFile; fileRef = 9C03AC1513BCB15400BD2A29 /* DetailsViewController.m */; };
		9C32776413F3CBFC0082EF5D /* house.png in Resources */ = {isa = PBXBuildFile; fileRef = 9C32776313F3CBFC0082EF5D /* house.png */; };
		9C3479BE13D315780082B359 /* DonateFoodViewController.m in Sources */ = {isa = PBXBuildFile; fileRef = 9C3479BC13D315770082B359 /* DonateFoodViewController.m */; };
		9C3479BF13D315780082B359 /* DonateFoodViewController.xib in Resources */ = {isa = PBXBuildFile; fileRef = 9C3479BD13D315770082B359 /* DonateFoodViewController.xib */; };
		9C3479C313D315920082B359 /* DonateMoneyViewController.m in Sources */ = {isa = PBXBuildFile; fileRef = 9C3479C113D315910082B359 /* DonateMoneyViewController.m */; };
		9C3479C413D315920082B359 /* DonateMoneyViewController.xib in Resources */ = {isa = PBXBuildFile; fileRef = 9C3479C213D315920082B359 /* DonateMoneyViewController.xib */; };
		9C379D5F13EADD1600BCBC4D /* main_bg@2x.png in Resources */ = {isa = PBXBuildFile; fileRef = 9C379D5E13EADD1600BCBC4D /* main_bg@2x.png */; };
		9C379D7013EAE55300BCBC4D /* main_btn_about@2x.png in Resources */ = {isa = PBXBuildFile; fileRef = 9C379D6A13EAE54F00BCBC4D /* main_btn_about@2x.png */; };
		9C379D8013EAEE1200BCBC4D /* splash@2x.png in Resources */ = {isa = PBXBuildFile; fileRef = 9C379D7F13EAEE1100BCBC4D /* splash@2x.png */; };
		9C379D8413EAEE5E00BCBC4D /* Default.png in Resources */ = {isa = PBXBuildFile; fileRef = 9C379D8313EAEE5D00BCBC4D /* Default.png */; };
		9C379D8613EAEE7E00BCBC4D /* Default@2x.png in Resources */ = {isa = PBXBuildFile; fileRef = 9C379D8513EAEE7D00BCBC4D /* Default@2x.png */; };
		9C38AE8213B9E6D500E66449 /* BSForwardGeocoder.m in Sources */ = {isa = PBXBuildFile; fileRef = 9C38AE7D13B9E6D500E66449 /* BSForwardGeocoder.m */; };
		9C38AE8313B9E6D500E66449 /* BSKmlResult.m in Sources */ = {isa = PBXBuildFile; fileRef = 9C38AE7F13B9E6D500E66449 /* BSKmlResult.m */; };
		9C38AE8413B9E6D500E66449 /* BSAddressComponent.m in Sources */ = {isa = PBXBuildFile; fileRef = 9C38AE8113B9E6D500E66449 /* BSAddressComponent.m */; };
		9C38AE8A13B9F36000E66449 /* BSGoogleV2KmlParser.m in Sources */ = {isa = PBXBuildFile; fileRef = 9C38AE8713B9F36000E66449 /* BSGoogleV2KmlParser.m */; };
		9C38AE8B13B9F36000E66449 /* BSGoogleV3KmlParser.m in Sources */ = {isa = PBXBuildFile; fileRef = 9C38AE8913B9F36000E66449 /* BSGoogleV3KmlParser.m */; };
		9C38AE8F13B9F37B00E66449 /* CustomPlacemark.m in Sources */ = {isa = PBXBuildFile; fileRef = 9C38AE8E13B9F37B00E66449 /* CustomPlacemark.m */; };
		9C3D396013EECDEE0049E4D2 /* about_btn_contact_pressed.png in Resources */ = {isa = PBXBuildFile; fileRef = 9C3D395413EECDEE0049E4D2 /* about_btn_contact_pressed.png */; };
		9C3D396113EECDEE0049E4D2 /* about_btn_contact.png in Resources */ = {isa = PBXBuildFile; fileRef = 9C3D395513EECDEE0049E4D2 /* about_btn_contact.png */; };
		9C3D396213EECDEE0049E4D2 /* about_logo.png in Resources */ = {isa = PBXBuildFile; fileRef = 9C3D395613EECDEE0049E4D2 /* about_logo.png */; };
		9C3D396313EECDEE0049E4D2 /* details_bg.png in Resources */ = {isa = PBXBuildFile; fileRef = 9C3D395713EECDEE0049E4D2 /* details_bg.png */; };
		9C3D396413EECDEE0049E4D2 /* header.png in Resources */ = {isa = PBXBuildFile; fileRef = 9C3D395813EECDEE0049E4D2 /* header.png */; };
		9C3D396513EECDEE0049E4D2 /* main_bg.png in Resources */ = {isa = PBXBuildFile; fileRef = 9C3D395913EECDEE0049E4D2 /* main_bg.png */; };
		9C3D396613EECDEE0049E4D2 /* main_btn_about_pressed.png in Resources */ = {isa = PBXBuildFile; fileRef = 9C3D395A13EECDEE0049E4D2 /* main_btn_about_pressed.png */; };
		9C3D396713EECDEE0049E4D2 /* main_btn_about.png in Resources */ = {isa = PBXBuildFile; fileRef = 9C3D395B13EECDEE0049E4D2 /* main_btn_about.png */; };
		9C3D396813EECDEE0049E4D2 /* main_btn_donate_pressed.png in Resources */ = {isa = PBXBuildFile; fileRef = 9C3D395C13EECDEE0049E4D2 /* main_btn_donate_pressed.png */; };
		9C3D396913EECDEE0049E4D2 /* main_btn_donate.png in Resources */ = {isa = PBXBuildFile; fileRef = 9C3D395D13EECDEE0049E4D2 /* main_btn_donate.png */; };
		9C3D396A13EECDEE0049E4D2 /* main_btn_map_pressed.png in Resources */ = {isa = PBXBuildFile; fileRef = 9C3D395E13EECDEE0049E4D2 /* main_btn_map_pressed.png */; };
		9C3D396B13EECDEE0049E4D2 /* main_btn_map.png in Resources */ = {isa = PBXBuildFile; fileRef = 9C3D395F13EECDEE0049E4D2 /* main_btn_map.png */; };
		9C44E39013BA2BE000E17BE0 /* go.png in Resources */ = {isa = PBXBuildFile; fileRef = 9C44E38F13BA2BE000E17BE0 /* go.png */; };
		9C55191913967159003B5BED /* MainWindow.xib in Resources */ = {isa = PBXBuildFile; fileRef = 9C55191713967159003B5BED /* MainWindow.xib */; };
		9C55191A13967159003B5BED /* RootViewController.xib in Resources */ = {isa = PBXBuildFile; fileRef = 9C55191813967159003B5BED /* RootViewController.xib */; };
		9C72D44813965D6B00F609F0 /* UIKit.framework in Frameworks */ = {isa = PBXBuildFile; fileRef = 9C72D44713965D6B00F609F0 /* UIKit.framework */; };
		9C72D44A13965D6B00F609F0 /* Foundation.framework in Frameworks */ = {isa = PBXBuildFile; fileRef = 9C72D44913965D6B00F609F0 /* Foundation.framework */; };
		9C72D44C13965D6B00F609F0 /* CoreGraphics.framework in Frameworks */ = {isa = PBXBuildFile; fileRef = 9C72D44B13965D6B00F609F0 /* CoreGraphics.framework */; };
		9C72D45513965D6B00F609F0 /* main.m in Sources */ = {isa = PBXBuildFile; fileRef = 9C72D45413965D6B00F609F0 /* main.m */; };
		9C72D45813965D6B00F609F0 /* RubensAppDelegate.m in Sources */ = {isa = PBXBuildFile; fileRef = 9C72D45713965D6B00F609F0 /* RubensAppDelegate.m */; };
		9C72D45E13965D6B00F609F0 /* RootViewController.m in Sources */ = {isa = PBXBuildFile; fileRef = 9C72D45D13965D6B00F609F0 /* RootViewController.m */; };
		9C72D46813965D8100F609F0 /* MapKit.framework in Frameworks */ = {isa = PBXBuildFile; fileRef = 9C72D46713965D8100F609F0 /* MapKit.framework */; };
		9C72D47213965DAF00F609F0 /* AboutViewController.m in Sources */ = {isa = PBXBuildFile; fileRef = 9C72D46A13965DAF00F609F0 /* AboutViewController.m */; };
		9C72D47313965DAF00F609F0 /* AboutViewController.xib in Resources */ = {isa = PBXBuildFile; fileRef = 9C72D46B13965DAF00F609F0 /* AboutViewController.xib */; };
		9C72D47613965DAF00F609F0 /* DonateWebViewController.m in Sources */ = {isa = PBXBuildFile; fileRef = 9C72D47013965DAF00F609F0 /* DonateWebViewController.m */; };
		9C72D47713965DAF00F609F0 /* DonateWebViewController.xib in Resources */ = {isa = PBXBuildFile; fileRef = 9C72D47113965DAF00F609F0 /* DonateWebViewController.xib */; };
		9C72D48313965F8A00F609F0 /* MapViewController.m in Sources */ = {isa = PBXBuildFile; fileRef = 9C72D48113965F8900F609F0 /* MapViewController.m */; };
		9C72D48413965F8A00F609F0 /* MapViewController.xib in Resources */ = {isa = PBXBuildFile; fileRef = 9C72D48213965F8A00F609F0 /* MapViewController.xib */; };
		9C72D48913965FD500F609F0 /* SettingMapController.m in Sources */ = {isa = PBXBuildFile; fileRef = 9C72D48713965FD500F609F0 /* SettingMapController.m */; };
		9C72D48A13965FD500F609F0 /* SettingMapController.xib in Resources */ = {isa = PBXBuildFile; fileRef = 9C72D48813965FD500F609F0 /* SettingMapController.xib */; };
		9C9221C313BB3E4E00609534 /* organizations.plist in Resources */ = {isa = PBXBuildFile; fileRef = 9C9221C213BB3E4E00609534 /* organizations.plist */; };
		9C94E51013E7EA5D009858BF /* image1.png in Resources */ = {isa = PBXBuildFile; fileRef = 9C94E50F13E7EA5D009858BF /* image1.png */; };
		9C94E51613E7EA67009858BF /* image2.png in Resources */ = {isa = PBXBuildFile; fileRef = 9C94E51113E7EA67009858BF /* image2.png */; };
		9C94E51713E7EA67009858BF /* image3.png in Resources */ = {isa = PBXBuildFile; fileRef = 9C94E51213E7EA67009858BF /* image3.png */; };
		9C94E51813E7EA67009858BF /* image4.png in Resources */ = {isa = PBXBuildFile; fileRef = 9C94E51313E7EA67009858BF /* image4.png */; };
		9C94E51913E7EA67009858BF /* image5.png in Resources */ = {isa = PBXBuildFile; fileRef = 9C94E51413E7EA67009858BF /* image5.png */; };
		9C94E51A13E7EA67009858BF /* image6.png in Resources */ = {isa = PBXBuildFile; fileRef = 9C94E51513E7EA67009858BF /* image6.png */; };
		9C96B28813D4383600EF4201 /* QuartzCore.framework in Frameworks */ = {isa = PBXBuildFile; fileRef = 9C96B28713D4383600EF4201 /* QuartzCore.framework */; };
		9CCF525313C1A7DB00B3B693 /* DetailsViewController.xib in Resources */ = {isa = PBXBuildFile; fileRef = 9CCF525213C1A7DB00B3B693 /* DetailsViewController.xib */; };
		9CD1D39D13E7F227006964F0 /* about_logo@2x.png in Resources */ = {isa = PBXBuildFile; fileRef = 9CD1D39C13E7F226006964F0 /* about_logo@2x.png */; };
		9CD1D3A113E7F85B006964F0 /* about_btn_contact_pressed@2x.png in Resources */ = {isa = PBXBuildFile; fileRef = 9CD1D39F13E7F85A006964F0 /* about_btn_contact_pressed@2x.png */; };
		9CD1D3A213E7F85B006964F0 /* about_btn_contact@2x.png in Resources */ = {isa = PBXBuildFile; fileRef = 9CD1D3A013E7F85B006964F0 /* about_btn_contact@2x.png */; };
		9CD1D3AC13E7FAEE006964F0 /* MessageUI.framework in Frameworks */ = {isa = PBXBuildFile; fileRef = 9CD1D3AB13E7FAEE006964F0 /* MessageUI.framework */; };
		9CD45D4213EE883000B1247E /* btn_Maps.png in Resources */ = {isa = PBXBuildFile; fileRef = 9CD45D4013EE883000B1247E /* btn_Maps.png */; };
		9CD45D4313EE883000B1247E /* btn_Phone.png in Resources */ = {isa = PBXBuildFile; fileRef = 9CD45D4113EE883000B1247E /* btn_Phone.png */; };
		9CD45D4513EE89B000B1247E /* details_bg@2x.png in Resources */ = {isa = PBXBuildFile; fileRef = 9CD45D4413EE89B000B1247E /* details_bg@2x.png */; };
		9CD45D5F13EE961100B1247E /* main_btn_about_pressed@2x.png in Resources */ = {isa = PBXBuildFile; fileRef = 9CD45D5913EE961000B1247E /* main_btn_about_pressed@2x.png */; };
		9CD45D6013EE961100B1247E /* main_btn_donate_pressed@2x.png in Resources */ = {isa = PBXBuildFile; fileRef = 9CD45D5A13EE961000B1247E /* main_btn_donate_pressed@2x.png */; };
		9CD45D6113EE961100B1247E /* main_btn_donate@2x.png in Resources */ = {isa = PBXBuildFile; fileRef = 9CD45D5B13EE961100B1247E /* main_btn_donate@2x.png */; };
		9CD45D6213EE961100B1247E /* main_btn_map_pressed@2x.png in Resources */ = {isa = PBXBuildFile; fileRef = 9CD45D5C13EE961100B1247E /* main_btn_map_pressed@2x.png */; };
		9CD45D6313EE961100B1247E /* main_btn_map@2x.png in Resources */ = {isa = PBXBuildFile; fileRef = 9CD45D5D13EE961100B1247E /* main_btn_map@2x.png */; };
		9CD45D7D13EE9C3F00B1247E /* header@2x.png in Resources */ = {isa = PBXBuildFile; fileRef = 9CD45D7C13EE9C3D00B1247E /* header@2x.png */; };
		9CE2DF9313C343C800223C1F /* CoreLocation.framework in Frameworks */ = {isa = PBXBuildFile; fileRef = 9CE2DF9213C343C800223C1F /* CoreLocation.framework */; };
/* End PBXBuildFile section */

/* Begin PBXFileReference section */
		9C03AC0713BC91D300BD2A29 /* POI.h */ = {isa = PBXFileReference; fileEncoding = 4; lastKnownFileType = sourcecode.c.h; path = POI.h; sourceTree = "<group>"; };
		9C03AC0813BC91D300BD2A29 /* POI.m */ = {isa = PBXFileReference; fileEncoding = 4; lastKnownFileType = sourcecode.c.objc; path = POI.m; sourceTree = "<group>"; };
		9C03AC1413BCB15300BD2A29 /* DetailsViewController.h */ = {isa = PBXFileReference; fileEncoding = 4; lastKnownFileType = sourcecode.c.h; path = DetailsViewController.h; sourceTree = "<group>"; };
		9C03AC1513BCB15400BD2A29 /* DetailsViewController.m */ = {isa = PBXFileReference; fileEncoding = 4; lastKnownFileType = sourcecode.c.objc; path = DetailsViewController.m; sourceTree = "<group>"; };
		9C32776313F3CBFC0082EF5D /* house.png */ = {isa = PBXFileReference; lastKnownFileType = image.png; path = house.png; sourceTree = "<group>"; };
		9C3479BB13D315770082B359 /* DonateFoodViewController.h */ = {isa = PBXFileReference; fileEncoding = 4; lastKnownFileType = sourcecode.c.h; path = DonateFoodViewController.h; sourceTree = "<group>"; };
		9C3479BC13D315770082B359 /* DonateFoodViewController.m */ = {isa = PBXFileReference; fileEncoding = 4; lastKnownFileType = sourcecode.c.objc; path = DonateFoodViewController.m; sourceTree = "<group>"; };
		9C3479BD13D315770082B359 /* DonateFoodViewController.xib */ = {isa = PBXFileReference; fileEncoding = 4; lastKnownFileType = file.xib; path = DonateFoodViewController.xib; sourceTree = "<group>"; };
		9C3479C013D315910082B359 /* DonateMoneyViewController.h */ = {isa = PBXFileReference; fileEncoding = 4; lastKnownFileType = sourcecode.c.h; path = DonateMoneyViewController.h; sourceTree = "<group>"; };
		9C3479C113D315910082B359 /* DonateMoneyViewController.m */ = {isa = PBXFileReference; fileEncoding = 4; lastKnownFileType = sourcecode.c.objc; path = DonateMoneyViewController.m; sourceTree = "<group>"; };
		9C3479C213D315920082B359 /* DonateMoneyViewController.xib */ = {isa = PBXFileReference; fileEncoding = 4; lastKnownFileType = file.xib; path = DonateMoneyViewController.xib; sourceTree = "<group>"; };
		9C379D5E13EADD1600BCBC4D /* main_bg@2x.png */ = {isa = PBXFileReference; lastKnownFileType = image.png; path = "main_bg@2x.png"; sourceTree = "<group>"; };
		9C379D6A13EAE54F00BCBC4D /* main_btn_about@2x.png */ = {isa = PBXFileReference; lastKnownFileType = image.png; path = "main_btn_about@2x.png"; sourceTree = "<group>"; };
		9C379D7F13EAEE1100BCBC4D /* splash@2x.png */ = {isa = PBXFileReference; lastKnownFileType = image.png; path = "splash@2x.png"; sourceTree = "<group>"; };
		9C379D8313EAEE5D00BCBC4D /* Default.png */ = {isa = PBXFileReference; lastKnownFileType = image.png; name = Default.png; path = ../Default.png; sourceTree = "<group>"; };
		9C379D8513EAEE7D00BCBC4D /* Default@2x.png */ = {isa = PBXFileReference; lastKnownFileType = image.png; name = "Default@2x.png"; path = "../Default@2x.png"; sourceTree = "<group>"; };
		9C38AE7C13B9E6D500E66449 /* BSForwardGeocoder.h */ = {isa = PBXFileReference; fileEncoding = 4; lastKnownFileType = sourcecode.c.h; path = BSForwardGeocoder.h; sourceTree = "<group>"; };
		9C38AE7D13B9E6D500E66449 /* BSForwardGeocoder.m */ = {isa = PBXFileReference; fileEncoding = 4; lastKnownFileType = sourcecode.c.objc; path = BSForwardGeocoder.m; sourceTree = "<group>"; };
		9C38AE7E13B9E6D500E66449 /* BSKmlResult.h */ = {isa = PBXFileReference; fileEncoding = 4; lastKnownFileType = sourcecode.c.h; path = BSKmlResult.h; sourceTree = "<group>"; };
		9C38AE7F13B9E6D500E66449 /* BSKmlResult.m */ = {isa = PBXFileReference; fileEncoding = 4; lastKnownFileType = sourcecode.c.objc; path = BSKmlResult.m; sourceTree = "<group>"; };
		9C38AE8013B9E6D500E66449 /* BSAddressComponent.h */ = {isa = PBXFileReference; fileEncoding = 4; lastKnownFileType = sourcecode.c.h; path = BSAddressComponent.h; sourceTree = "<group>"; };
		9C38AE8113B9E6D500E66449 /* BSAddressComponent.m */ = {isa = PBXFileReference; fileEncoding = 4; lastKnownFileType = sourcecode.c.objc; path = BSAddressComponent.m; sourceTree = "<group>"; };
		9C38AE8613B9F36000E66449 /* BSGoogleV2KmlParser.h */ = {isa = PBXFileReference; fileEncoding = 4; lastKnownFileType = sourcecode.c.h; path = BSGoogleV2KmlParser.h; sourceTree = "<group>"; };
		9C38AE8713B9F36000E66449 /* BSGoogleV2KmlParser.m */ = {isa = PBXFileReference; fileEncoding = 4; lastKnownFileType = sourcecode.c.objc; path = BSGoogleV2KmlParser.m; sourceTree = "<group>"; };
		9C38AE8813B9F36000E66449 /* BSGoogleV3KmlParser.h */ = {isa = PBXFileReference; fileEncoding = 4; lastKnownFileType = sourcecode.c.h; path = BSGoogleV3KmlParser.h; sourceTree = "<group>"; };
		9C38AE8913B9F36000E66449 /* BSGoogleV3KmlParser.m */ = {isa = PBXFileReference; fileEncoding = 4; lastKnownFileType = sourcecode.c.objc; path = BSGoogleV3KmlParser.m; sourceTree = "<group>"; };
		9C38AE8D13B9F37B00E66449 /* CustomPlacemark.h */ = {isa = PBXFileReference; fileEncoding = 4; lastKnownFileType = sourcecode.c.h; path = CustomPlacemark.h; sourceTree = "<group>"; };
		9C38AE8E13B9F37B00E66449 /* CustomPlacemark.m */ = {isa = PBXFileReference; fileEncoding = 4; lastKnownFileType = sourcecode.c.objc; path = CustomPlacemark.m; sourceTree = "<group>"; };
		9C3D395413EECDEE0049E4D2 /* about_btn_contact_pressed.png */ = {isa = PBXFileReference; lastKnownFileType = image.png; path = about_btn_contact_pressed.png; sourceTree = "<group>"; };
		9C3D395513EECDEE0049E4D2 /* about_btn_contact.png */ = {isa = PBXFileReference; lastKnownFileType = image.png; path = about_btn_contact.png; sourceTree = "<group>"; };
		9C3D395613EECDEE0049E4D2 /* about_logo.png */ = {isa = PBXFileReference; lastKnownFileType = image.png; path = about_logo.png; sourceTree = "<group>"; };
		9C3D395713EECDEE0049E4D2 /* details_bg.png */ = {isa = PBXFileReference; lastKnownFileType = image.png; path = details_bg.png; sourceTree = "<group>"; };
		9C3D395813EECDEE0049E4D2 /* header.png */ = {isa = PBXFileReference; lastKnownFileType = image.png; path = header.png; sourceTree = "<group>"; };
		9C3D395913EECDEE0049E4D2 /* main_bg.png */ = {isa = PBXFileReference; lastKnownFileType = image.png; path = main_bg.png; sourceTree = "<group>"; };
		9C3D395A13EECDEE0049E4D2 /* main_btn_about_pressed.png */ = {isa = PBXFileReference; lastKnownFileType = image.png; path = main_btn_about_pressed.png; sourceTree = "<group>"; };
		9C3D395B13EECDEE0049E4D2 /* main_btn_about.png */ = {isa = PBXFileReference; lastKnownFileType = image.png; path = main_btn_about.png; sourceTree = "<group>"; };
		9C3D395C13EECDEE0049E4D2 /* main_btn_donate_pressed.png */ = {isa = PBXFileReference; lastKnownFileType = image.png; path = main_btn_donate_pressed.png; sourceTree = "<group>"; };
		9C3D395D13EECDEE0049E4D2 /* main_btn_donate.png */ = {isa = PBXFileReference; lastKnownFileType = image.png; path = main_btn_donate.png; sourceTree = "<group>"; };
		9C3D395E13EECDEE0049E4D2 /* main_btn_map_pressed.png */ = {isa = PBXFileReference; lastKnownFileType = image.png; path = main_btn_map_pressed.png; sourceTree = "<group>"; };
		9C3D395F13EECDEE0049E4D2 /* main_btn_map.png */ = {isa = PBXFileReference; lastKnownFileType = image.png; path = main_btn_map.png; sourceTree = "<group>"; };
		9C44E38F13BA2BE000E17BE0 /* go.png */ = {isa = PBXFileReference; lastKnownFileType = image.png; path = go.png; sourceTree = "<group>"; };
		9C55191713967159003B5BED /* MainWindow.xib */ = {isa = PBXFileReference; fileEncoding = 4; lastKnownFileType = file.xib; path = MainWindow.xib; sourceTree = "<group>"; };
		9C55191813967159003B5BED /* RootViewController.xib */ = {isa = PBXFileReference; fileEncoding = 4; lastKnownFileType = file.xib; path = RootViewController.xib; sourceTree = "<group>"; };
		9C6508F813B8D96500FA4002 /* Rubens-Info.plist */ = {isa = PBXFileReference; fileEncoding = 4; lastKnownFileType = text.plist.xml; path = "Rubens-Info.plist"; sourceTree = "<group>"; };
		9C72D44713965D6B00F609F0 /* UIKit.framework */ = {isa = PBXFileReference; lastKnownFileType = wrapper.framework; name = UIKit.framework; path = System/Library/Frameworks/UIKit.framework; sourceTree = SDKROOT; };
		9C72D44913965D6B00F609F0 /* Foundation.framework */ = {isa = PBXFileReference; lastKnownFileType = wrapper.framework; name = Foundation.framework; path = System/Library/Frameworks/Foundation.framework; sourceTree = SDKROOT; };
		9C72D44B13965D6B00F609F0 /* CoreGraphics.framework */ = {isa = PBXFileReference; lastKnownFileType = wrapper.framework; name = CoreGraphics.framework; path = System/Library/Frameworks/CoreGraphics.framework; sourceTree = SDKROOT; };
		9C72D45313965D6B00F609F0 /* Rubens-Prefix.pch */ = {isa = PBXFileReference; lastKnownFileType = sourcecode.c.h; path = "Rubens-Prefix.pch"; sourceTree = "<group>"; };
		9C72D45413965D6B00F609F0 /* main.m */ = {isa = PBXFileReference; lastKnownFileType = sourcecode.c.objc; path = main.m; sourceTree = "<group>"; };
		9C72D45613965D6B00F609F0 /* RubensAppDelegate.h */ = {isa = PBXFileReference; lastKnownFileType = sourcecode.c.h; path = RubensAppDelegate.h; sourceTree = "<group>"; };
		9C72D45713965D6B00F609F0 /* RubensAppDelegate.m */ = {isa = PBXFileReference; lastKnownFileType = sourcecode.c.objc; path = RubensAppDelegate.m; sourceTree = "<group>"; };
		9C72D45C13965D6B00F609F0 /* RootViewController.h */ = {isa = PBXFileReference; lastKnownFileType = sourcecode.c.h; path = RootViewController.h; sourceTree = "<group>"; };
		9C72D45D13965D6B00F609F0 /* RootViewController.m */ = {isa = PBXFileReference; lastKnownFileType = sourcecode.c.objc; path = RootViewController.m; sourceTree = "<group>"; };
		9C72D46713965D8100F609F0 /* MapKit.framework */ = {isa = PBXFileReference; lastKnownFileType = wrapper.framework; name = MapKit.framework; path = System/Library/Frameworks/MapKit.framework; sourceTree = SDKROOT; };
		9C72D46913965DAF00F609F0 /* AboutViewController.h */ = {isa = PBXFileReference; fileEncoding = 4; lastKnownFileType = sourcecode.c.h; path = AboutViewController.h; sourceTree = "<group>"; };
		9C72D46A13965DAF00F609F0 /* AboutViewController.m */ = {isa = PBXFileReference; fileEncoding = 4; lastKnownFileType = sourcecode.c.objc; path = AboutViewController.m; sourceTree = "<group>"; };
		9C72D46B13965DAF00F609F0 /* AboutViewController.xib */ = {isa = PBXFileReference; fileEncoding = 4; lastKnownFileType = file.xib; path = AboutViewController.xib; sourceTree = "<group>"; };
		9C72D46F13965DAF00F609F0 /* DonateWebViewController.h */ = {isa = PBXFileReference; fileEncoding = 4; lastKnownFileType = sourcecode.c.h; path = DonateWebViewController.h; sourceTree = "<group>"; };
		9C72D47013965DAF00F609F0 /* DonateWebViewController.m */ = {isa = PBXFileReference; fileEncoding = 4; lastKnownFileType = sourcecode.c.objc; path = DonateWebViewController.m; sourceTree = "<group>"; };
		9C72D47113965DAF00F609F0 /* DonateWebViewController.xib */ = {isa = PBXFileReference; fileEncoding = 4; lastKnownFileType = file.xib; path = DonateWebViewController.xib; sourceTree = "<group>"; };
		9C72D48013965F8900F609F0 /* MapViewController.h */ = {isa = PBXFileReference; fileEncoding = 4; lastKnownFileType = sourcecode.c.h; path = MapViewController.h; sourceTree = "<group>"; };
		9C72D48113965F8900F609F0 /* MapViewController.m */ = {isa = PBXFileReference; fileEncoding = 4; lastKnownFileType = sourcecode.c.objc; path = MapViewController.m; sourceTree = "<group>"; };
		9C72D48213965F8A00F609F0 /* MapViewController.xib */ = {isa = PBXFileReference; fileEncoding = 4; lastKnownFileType = file.xib; path = MapViewController.xib; sourceTree = "<group>"; };
		9C72D48613965FD500F609F0 /* SettingMapController.h */ = {isa = PBXFileReference; fileEncoding = 4; lastKnownFileType = sourcecode.c.h; path = SettingMapController.h; sourceTree = "<group>"; };
		9C72D48713965FD500F609F0 /* SettingMapController.m */ = {isa = PBXFileReference; fileEncoding = 4; lastKnownFileType = sourcecode.c.objc; path = SettingMapController.m; sourceTree = "<group>"; };
		9C72D48813965FD500F609F0 /* SettingMapController.xib */ = {isa = PBXFileReference; fileEncoding = 4; lastKnownFileType = file.xib; path = SettingMapController.xib; sourceTree = "<group>"; };
		9C72D4CA1396704C00F609F0 /* Rubens.app */ = {isa = PBXFileReference; explicitFileType = wrapper.application; includeInIndex = 0; path = Rubens.app; sourceTree = BUILT_PRODUCTS_DIR; };
		9C9221C213BB3E4E00609534 /* organizations.plist */ = {isa = PBXFileReference; fileEncoding = 4; lastKnownFileType = text.plist.xml; path = organizations.plist; sourceTree = "<group>"; };
		9C94E50F13E7EA5D009858BF /* image1.png */ = {isa = PBXFileReference; lastKnownFileType = image.png; path = image1.png; sourceTree = "<group>"; };
		9C94E51113E7EA67009858BF /* image2.png */ = {isa = PBXFileReference; lastKnownFileType = image.png; path = image2.png; sourceTree = "<group>"; };
		9C94E51213E7EA67009858BF /* image3.png */ = {isa = PBXFileReference; lastKnownFileType = image.png; path = image3.png; sourceTree = "<group>"; };
		9C94E51313E7EA67009858BF /* image4.png */ = {isa = PBXFileReference; lastKnownFileType = image.png; path = image4.png; sourceTree = "<group>"; };
		9C94E51413E7EA67009858BF /* image5.png */ = {isa = PBXFileReference; lastKnownFileType = image.png; path = image5.png; sourceTree = "<group>"; };
		9C94E51513E7EA67009858BF /* image6.png */ = {isa = PBXFileReference; lastKnownFileType = image.png; path = image6.png; sourceTree = "<group>"; };
		9C96B28713D4383600EF4201 /* QuartzCore.framework */ = {isa = PBXFileReference; lastKnownFileType = wrapper.framework; name = QuartzCore.framework; path = System/Library/Frameworks/QuartzCore.framework; sourceTree = SDKROOT; };
		9CCF525213C1A7DB00B3B693 /* DetailsViewController.xib */ = {isa = PBXFileReference; fileEncoding = 4; lastKnownFileType = file.xib; path = DetailsViewController.xib; sourceTree = "<group>"; };
		9CD1D39C13E7F226006964F0 /* about_logo@2x.png */ = {isa = PBXFileReference; lastKnownFileType = image.png; path = "about_logo@2x.png"; sourceTree = "<group>"; };
		9CD1D39F13E7F85A006964F0 /* about_btn_contact_pressed@2x.png */ = {isa = PBXFileReference; lastKnownFileType = image.png; path = "about_btn_contact_pressed@2x.png"; sourceTree = "<group>"; };
		9CD1D3A013E7F85B006964F0 /* about_btn_contact@2x.png */ = {isa = PBXFileReference; lastKnownFileType = image.png; path = "about_btn_contact@2x.png"; sourceTree = "<group>"; };
		9CD1D3AB13E7FAEE006964F0 /* MessageUI.framework */ = {isa = PBXFileReference; lastKnownFileType = wrapper.framework; name = MessageUI.framework; path = System/Library/Frameworks/MessageUI.framework; sourceTree = SDKROOT; };
		9CD45D4013EE883000B1247E /* btn_Maps.png */ = {isa = PBXFileReference; lastKnownFileType = image.png; path = btn_Maps.png; sourceTree = "<group>"; };
		9CD45D4113EE883000B1247E /* btn_Phone.png */ = {isa = PBXFileReference; lastKnownFileType = image.png; path = btn_Phone.png; sourceTree = "<group>"; };
		9CD45D4413EE89B000B1247E /* details_bg@2x.png */ = {isa = PBXFileReference; lastKnownFileType = image.png; path = "details_bg@2x.png"; sourceTree = "<group>"; };
		9CD45D5913EE961000B1247E /* main_btn_about_pressed@2x.png */ = {isa = PBXFileReference; lastKnownFileType = image.png; path = "main_btn_about_pressed@2x.png"; sourceTree = "<group>"; };
		9CD45D5A13EE961000B1247E /* main_btn_donate_pressed@2x.png */ = {isa = PBXFileReference; lastKnownFileType = image.png; path = "main_btn_donate_pressed@2x.png"; sourceTree = "<group>"; };
		9CD45D5B13EE961100B1247E /* main_btn_donate@2x.png */ = {isa = PBXFileReference; lastKnownFileType = image.png; path = "main_btn_donate@2x.png"; sourceTree = "<group>"; };
		9CD45D5C13EE961100B1247E /* main_btn_map_pressed@2x.png */ = {isa = PBXFileReference; lastKnownFileType = image.png; path = "main_btn_map_pressed@2x.png"; sourceTree = "<group>"; };
		9CD45D5D13EE961100B1247E /* main_btn_map@2x.png */ = {isa = PBXFileReference; lastKnownFileType = image.png; path = "main_btn_map@2x.png"; sourceTree = "<group>"; };
		9CD45D7C13EE9C3D00B1247E /* header@2x.png */ = {isa = PBXFileReference; lastKnownFileType = image.png; path = "header@2x.png"; sourceTree = "<group>"; };
		9CE2DF9213C343C800223C1F /* CoreLocation.framework */ = {isa = PBXFileReference; lastKnownFileType = wrapper.framework; name = CoreLocation.framework; path = System/Library/Frameworks/CoreLocation.framework; sourceTree = SDKROOT; };
/* End PBXFileReference section */

/* Begin PBXFrameworksBuildPhase section */
		9C72D44013965D6B00F609F0 /* Frameworks */ = {
			isa = PBXFrameworksBuildPhase;
			buildActionMask = 2147483647;
			files = (
				9CD1D3AC13E7FAEE006964F0 /* MessageUI.framework in Frameworks */,
				9C96B28813D4383600EF4201 /* QuartzCore.framework in Frameworks */,
				9CE2DF9313C343C800223C1F /* CoreLocation.framework in Frameworks */,
				9C72D46813965D8100F609F0 /* MapKit.framework in Frameworks */,
				9C72D44813965D6B00F609F0 /* UIKit.framework in Frameworks */,
				9C72D44A13965D6B00F609F0 /* Foundation.framework in Frameworks */,
				9C72D44C13965D6B00F609F0 /* CoreGraphics.framework in Frameworks */,
			);
			runOnlyForDeploymentPostprocessing = 0;
		};
/* End PBXFrameworksBuildPhase section */

/* Begin PBXGroup section */
		9C3479B813D310DF0082B359 /* Map */ = {
			isa = PBXGroup;
			children = (
				9C72D48013965F8900F609F0 /* MapViewController.h */,
				9C72D48113965F8900F609F0 /* MapViewController.m */,
				9C72D48213965F8A00F609F0 /* MapViewController.xib */,
				9C03AC1413BCB15300BD2A29 /* DetailsViewController.h */,
				9C03AC1513BCB15400BD2A29 /* DetailsViewController.m */,
				9CCF525213C1A7DB00B3B693 /* DetailsViewController.xib */,
				9C03AC0713BC91D300BD2A29 /* POI.h */,
				9C03AC0813BC91D300BD2A29 /* POI.m */,
				9C72D48613965FD500F609F0 /* SettingMapController.h */,
				9C72D48713965FD500F609F0 /* SettingMapController.m */,
				9C72D48813965FD500F609F0 /* SettingMapController.xib */,
			);
			name = Map;
			sourceTree = "<group>";
		};
		9C3479B913D311060082B359 /* About */ = {
			isa = PBXGroup;
			children = (
				9C72D46913965DAF00F609F0 /* AboutViewController.h */,
				9C72D46A13965DAF00F609F0 /* AboutViewController.m */,
				9C72D46B13965DAF00F609F0 /* AboutViewController.xib */,
			);
			name = About;
			sourceTree = "<group>";
		};
		9C3479BA13D311160082B359 /* Donation */ = {
			isa = PBXGroup;
			children = (
				9C72D46F13965DAF00F609F0 /* DonateWebViewController.h */,
				9C72D47013965DAF00F609F0 /* DonateWebViewController.m */,
				9C72D47113965DAF00F609F0 /* DonateWebViewController.xib */,
				9C3479BB13D315770082B359 /* DonateFoodViewController.h */,
				9C3479BC13D315770082B359 /* DonateFoodViewController.m */,
				9C3479BD13D315770082B359 /* DonateFoodViewController.xib */,
				9C3479C013D315910082B359 /* DonateMoneyViewController.h */,
				9C3479C113D315910082B359 /* DonateMoneyViewController.m */,
				9C3479C213D315920082B359 /* DonateMoneyViewController.xib */,
			);
			name = Donation;
			sourceTree = "<group>";
		};
		9C38AE7B13B9E6AE00E66449 /* BSGeocoding */ = {
			isa = PBXGroup;
			children = (
				9C38AE7C13B9E6D500E66449 /* BSForwardGeocoder.h */,
				9C38AE7D13B9E6D500E66449 /* BSForwardGeocoder.m */,
				9C38AE7E13B9E6D500E66449 /* BSKmlResult.h */,
				9C38AE7F13B9E6D500E66449 /* BSKmlResult.m */,
				9C38AE8013B9E6D500E66449 /* BSAddressComponent.h */,
				9C38AE8113B9E6D500E66449 /* BSAddressComponent.m */,
				9C38AE8513B9F34300E66449 /* Parsers */,
			);
			name = BSGeocoding;
			sourceTree = "<group>";
		};
		9C38AE8513B9F34300E66449 /* Parsers */ = {
			isa = PBXGroup;
			children = (
				9C38AE8613B9F36000E66449 /* BSGoogleV2KmlParser.h */,
				9C38AE8713B9F36000E66449 /* BSGoogleV2KmlParser.m */,
				9C38AE8813B9F36000E66449 /* BSGoogleV3KmlParser.h */,
				9C38AE8913B9F36000E66449 /* BSGoogleV3KmlParser.m */,
			);
			name = Parsers;
			path = ..;
			sourceTree = "<group>";
		};
		9C38AE8C13B9F36B00E66449 /* Placemark */ = {
			isa = PBXGroup;
			children = (
				9C38AE8D13B9F37B00E66449 /* CustomPlacemark.h */,
				9C38AE8E13B9F37B00E66449 /* CustomPlacemark.m */,
			);
			name = Placemark;
			sourceTree = "<group>";
		};
		9C72D43813965D6A00F609F0 = {
			isa = PBXGroup;
			children = (
				9C72D44D13965D6B00F609F0 /* LeketIsrael */,
				9C72D44613965D6B00F609F0 /* Frameworks */,
				9C72D44413965D6B00F609F0 /* Products */,
			);
			sourceTree = "<group>";
		};
		9C72D44413965D6B00F609F0 /* Products */ = {
			isa = PBXGroup;
			children = (
				9C72D4CA1396704C00F609F0 /* Rubens.app */,
			);
			name = Products;
			sourceTree = "<group>";
		};
		9C72D44613965D6B00F609F0 /* Frameworks */ = {
			isa = PBXGroup;
			children = (
				9CD1D3AB13E7FAEE006964F0 /* MessageUI.framework */,
				9C96B28713D4383600EF4201 /* QuartzCore.framework */,
				9CE2DF9213C343C800223C1F /* CoreLocation.framework */,
				9C72D46713965D8100F609F0 /* MapKit.framework */,
				9C72D44713965D6B00F609F0 /* UIKit.framework */,
				9C72D44913965D6B00F609F0 /* Foundation.framework */,
				9C72D44B13965D6B00F609F0 /* CoreGraphics.framework */,
			);
			name = Frameworks;
			sourceTree = "<group>";
		};
		9C72D44D13965D6B00F609F0 /* LeketIsrael */ = {
			isa = PBXGroup;
			children = (
				9C72D45613965D6B00F609F0 /* RubensAppDelegate.h */,
				9C72D45713965D6B00F609F0 /* RubensAppDelegate.m */,
				9C72D45C13965D6B00F609F0 /* RootViewController.h */,
				9C72D45D13965D6B00F609F0 /* RootViewController.m */,
				9C55191813967159003B5BED /* RootViewController.xib */,
				9C55191713967159003B5BED /* MainWindow.xib */,
				9C38AE8C13B9F36B00E66449 /* Placemark */,
				9C38AE7B13B9E6AE00E66449 /* BSGeocoding */,
				9C3479B813D310DF0082B359 /* Map */,
				9C3479BA13D311160082B359 /* Donation */,
				9C3479B913D311060082B359 /* About */,
				9C72D44E13965D6B00F609F0 /* Supporting Files */,
			);
			path = LeketIsrael;
			sourceTree = "<group>";
		};
		9C72D44E13965D6B00F609F0 /* Supporting Files */ = {
			isa = PBXGroup;
			children = (
				9C32776313F3CBFC0082EF5D /* house.png */,
				9C3D395813EECDEE0049E4D2 /* header.png */,
				9C3D395913EECDEE0049E4D2 /* main_bg.png */,
				9C3D395A13EECDEE0049E4D2 /* main_btn_about_pressed.png */,
				9C3D395B13EECDEE0049E4D2 /* main_btn_about.png */,
				9C3D395C13EECDEE0049E4D2 /* main_btn_donate_pressed.png */,
				9C3D395D13EECDEE0049E4D2 /* main_btn_donate.png */,
				9C3D395E13EECDEE0049E4D2 /* main_btn_map_pressed.png */,
				9C3D395F13EECDEE0049E4D2 /* main_btn_map.png */,
				9CD45D7C13EE9C3D00B1247E /* header@2x.png */,
				9C379D6A13EAE54F00BCBC4D /* main_btn_about@2x.png */,
				9CD45D5913EE961000B1247E /* main_btn_about_pressed@2x.png */,
				9CD45D5B13EE961100B1247E /* main_btn_donate@2x.png */,
				9CD45D5A13EE961000B1247E /* main_btn_donate_pressed@2x.png */,
				9CD45D5D13EE961100B1247E /* main_btn_map@2x.png */,
				9CD45D5C13EE961100B1247E /* main_btn_map_pressed@2x.png */,
				9C3D395513EECDEE0049E4D2 /* about_btn_contact.png */,
				9CD1D3A013E7F85B006964F0 /* about_btn_contact@2x.png */,
				9C3D395413EECDEE0049E4D2 /* about_btn_contact_pressed.png */,
				9CD1D39F13E7F85A006964F0 /* about_btn_contact_pressed@2x.png */,
				9C3D395613EECDEE0049E4D2 /* about_logo.png */,
				9CD1D39C13E7F226006964F0 /* about_logo@2x.png */,
				9C3D395713EECDEE0049E4D2 /* details_bg.png */,
				9CD45D4413EE89B000B1247E /* details_bg@2x.png */,
				9C379D8513EAEE7D00BCBC4D /* Default@2x.png */,
				9C379D8313EAEE5D00BCBC4D /* Default.png */,
				9C379D7F13EAEE1100BCBC4D /* splash@2x.png */,
				9C379D5E13EADD1600BCBC4D /* main_bg@2x.png */,
				9C94E50F13E7EA5D009858BF /* image1.png */,
				9C94E51113E7EA67009858BF /* image2.png */,
				9C94E51213E7EA67009858BF /* image3.png */,
				9C94E51313E7EA67009858BF /* image4.png */,
				9C94E51413E7EA67009858BF /* image5.png */,
				9C94E51513E7EA67009858BF /* image6.png */,
				9C9221C213BB3E4E00609534 /* organizations.plist */,
				9CD45D4013EE883000B1247E /* btn_Maps.png */,
				9CD45D4113EE883000B1247E /* btn_Phone.png */,
				9C44E38F13BA2BE000E17BE0 /* go.png */,
				9C6508F813B8D96500FA4002 /* Rubens-Info.plist */,
				9C72D45313965D6B00F609F0 /* Rubens-Prefix.pch */,
				9C72D45413965D6B00F609F0 /* main.m */,
			);
			name = "Supporting Files";
			sourceTree = "<group>";
		};
/* End PBXGroup section */

/* Begin PBXNativeTarget section */
		9C72D44213965D6B00F609F0 /* Rubens */ = {
			isa = PBXNativeTarget;
			buildConfigurationList = 9C72D46413965D6B00F609F0 /* Build configuration list for PBXNativeTarget "Rubens" */;
			buildPhases = (
				9C72D43F13965D6B00F609F0 /* Sources */,
				9C72D44013965D6B00F609F0 /* Frameworks */,
				9C72D44113965D6B00F609F0 /* Resources */,
			);
			buildRules = (
			);
			dependencies = (
			);
			name = Rubens;
			productName = LeketIsrael;
			productReference = 9C72D4CA1396704C00F609F0 /* Rubens.app */;
			productType = "com.apple.product-type.application";
		};
/* End PBXNativeTarget section */

/* Begin PBXProject section */
		9C72D43A13965D6A00F609F0 /* Project object */ = {
			isa = PBXProject;
			attributes = {
			};
			buildConfigurationList = 9C72D43D13965D6A00F609F0 /* Build configuration list for PBXProject "Rubens" */;
			compatibilityVersion = "Xcode 3.2";
			developmentRegion = English;
			hasScannedForEncodings = 0;
			knownRegions = (
				en,
			);
			mainGroup = 9C72D43813965D6A00F609F0;
			productRefGroup = 9C72D44413965D6B00F609F0 /* Products */;
			projectDirPath = "";
			projectRoot = "";
			targets = (
				9C72D44213965D6B00F609F0 /* Rubens */,
			);
		};
/* End PBXProject section */

/* Begin PBXResourcesBuildPhase section */
		9C72D44113965D6B00F609F0 /* Resources */ = {
			isa = PBXResourcesBuildPhase;
			buildActionMask = 2147483647;
			files = (
				9C72D47313965DAF00F609F0 /* AboutViewController.xib in Resources */,
				9C72D47713965DAF00F609F0 /* DonateWebViewController.xib in Resources */,
				9C72D48413965F8A00F609F0 /* MapViewController.xib in Resources */,
				9C72D48A13965FD500F609F0 /* SettingMapController.xib in Resources */,
				9C55191913967159003B5BED /* MainWindow.xib in Resources */,
				9C55191A13967159003B5BED /* RootViewController.xib in Resources */,
				9C44E39013BA2BE000E17BE0 /* go.png in Resources */,
				9C9221C313BB3E4E00609534 /* organizations.plist in Resources */,
				9CCF525313C1A7DB00B3B693 /* DetailsViewController.xib in Resources */,
				9C3479BF13D315780082B359 /* DonateFoodViewController.xib in Resources */,
				9C3479C413D315920082B359 /* DonateMoneyViewController.xib in Resources */,
				9C94E51013E7EA5D009858BF /* image1.png in Resources */,
				9C94E51613E7EA67009858BF /* image2.png in Resources */,
				9C94E51713E7EA67009858BF /* image3.png in Resources */,
				9C94E51813E7EA67009858BF /* image4.png in Resources */,
				9C94E51913E7EA67009858BF /* image5.png in Resources */,
				9C94E51A13E7EA67009858BF /* image6.png in Resources */,
				9CD1D39D13E7F227006964F0 /* about_logo@2x.png in Resources */,
				9CD1D3A113E7F85B006964F0 /* about_btn_contact_pressed@2x.png in Resources */,
				9CD1D3A213E7F85B006964F0 /* about_btn_contact@2x.png in Resources */,
				9C379D5F13EADD1600BCBC4D /* main_bg@2x.png in Resources */,
				9C379D7013EAE55300BCBC4D /* main_btn_about@2x.png in Resources */,
				9C379D8013EAEE1200BCBC4D /* splash@2x.png in Resources */,
				9C379D8413EAEE5E00BCBC4D /* Default.png in Resources */,
				9C379D8613EAEE7E00BCBC4D /* Default@2x.png in Resources */,
				9CD45D4213EE883000B1247E /* btn_Maps.png in Resources */,
				9CD45D4313EE883000B1247E /* btn_Phone.png in Resources */,
				9CD45D4513EE89B000B1247E /* details_bg@2x.png in Resources */,
				9CD45D5F13EE961100B1247E /* main_btn_about_pressed@2x.png in Resources */,
				9CD45D6013EE961100B1247E /* main_btn_donate_pressed@2x.png in Resources */,
				9CD45D6113EE961100B1247E /* main_btn_donate@2x.png in Resources */,
				9CD45D6213EE961100B1247E /* main_btn_map_pressed@2x.png in Resources */,
				9CD45D6313EE961100B1247E /* main_btn_map@2x.png in Resources */,
				9CD45D7D13EE9C3F00B1247E /* header@2x.png in Resources */,
				9C3D396013EECDEE0049E4D2 /* about_btn_contact_pressed.png in Resources */,
				9C3D396113EECDEE0049E4D2 /* about_btn_contact.png in Resources */,
				9C3D396213EECDEE0049E4D2 /* about_logo.png in Resources */,
				9C3D396313EECDEE0049E4D2 /* details_bg.png in Resources */,
				9C3D396413EECDEE0049E4D2 /* header.png in Resources */,
				9C3D396513EECDEE0049E4D2 /* main_bg.png in Resources */,
				9C3D396613EECDEE0049E4D2 /* main_btn_about_pressed.png in Resources */,
				9C3D396713EECDEE0049E4D2 /* main_btn_about.png in Resources */,
				9C3D396813EECDEE0049E4D2 /* main_btn_donate_pressed.png in Resources */,
				9C3D396913EECDEE0049E4D2 /* main_btn_donate.png in Resources */,
				9C3D396A13EECDEE0049E4D2 /* main_btn_map_pressed.png in Resources */,
				9C3D396B13EECDEE0049E4D2 /* main_btn_map.png in Resources */,
				9C32776413F3CBFC0082EF5D /* house.png in Resources */,
			);
			runOnlyForDeploymentPostprocessing = 0;
		};
/* End PBXResourcesBuildPhase section */

/* Begin PBXSourcesBuildPhase section */
		9C72D43F13965D6B00F609F0 /* Sources */ = {
			isa = PBXSourcesBuildPhase;
			buildActionMask = 2147483647;
			files = (
				9C72D45513965D6B00F609F0 /* main.m in Sources */,
				9C72D45813965D6B00F609F0 /* RubensAppDelegate.m in Sources */,
				9C72D45E13965D6B00F609F0 /* RootViewController.m in Sources */,
				9C72D47213965DAF00F609F0 /* AboutViewController.m in Sources */,
				9C72D47613965DAF00F609F0 /* DonateWebViewController.m in Sources */,
				9C72D48313965F8A00F609F0 /* MapViewController.m in Sources */,
				9C72D48913965FD500F609F0 /* SettingMapController.m in Sources */,
				9C38AE8213B9E6D500E66449 /* BSForwardGeocoder.m in Sources */,
				9C38AE8313B9E6D500E66449 /* BSKmlResult.m in Sources */,
				9C38AE8413B9E6D500E66449 /* BSAddressComponent.m in Sources */,
				9C38AE8A13B9F36000E66449 /* BSGoogleV2KmlParser.m in Sources */,
				9C38AE8B13B9F36000E66449 /* BSGoogleV3KmlParser.m in Sources */,
				9C38AE8F13B9F37B00E66449 /* CustomPlacemark.m in Sources */,
				9C03AC0913BC91D300BD2A29 /* POI.m in Sources */,
				9C03AC1713BCB15600BD2A29 /* DetailsViewController.m in Sources */,
				9C3479BE13D315780082B359 /* DonateFoodViewController.m in Sources */,
				9C3479C313D315920082B359 /* DonateMoneyViewController.m in Sources */,
			);
			runOnlyForDeploymentPostprocessing = 0;
		};
/* End PBXSourcesBuildPhase section */

/* Begin XCBuildConfiguration section */
		9C72D46213965D6B00F609F0 /* Debug */ = {
			isa = XCBuildConfiguration;
			buildSettings = {
				ARCHS = "$(ARCHS_STANDARD_32_BIT)";
				CODE_SIGN_IDENTITY = "iPhone Developer: Jonathan Colb (MDMC32HZ56)";
				"CODE_SIGN_IDENTITY[sdk=iphoneos*]" = "iPhone Developer";
				GCC_C_LANGUAGE_STANDARD = gnu99;
				GCC_OPTIMIZATION_LEVEL = 0;
				GCC_PREPROCESSOR_DEFINITIONS = DEBUG;
				GCC_SYMBOLS_PRIVATE_EXTERN = NO;
				GCC_VERSION = com.apple.compilers.llvmgcc42;
				GCC_WARN_ABOUT_RETURN_TYPE = YES;
				GCC_WARN_UNUSED_VARIABLE = YES;
				IPHONEOS_DEPLOYMENT_TARGET = 4.3;
				PROVISIONING_PROFILE = "7206E486-096C-4C7A-A6EB-743FE7DCE1D8";
				SDKROOT = iphoneos;
			};
			name = Debug;
		};
		9C72D46313965D6B00F609F0 /* Release */ = {
			isa = XCBuildConfiguration;
			buildSettings = {
				ARCHS = "$(ARCHS_STANDARD_32_BIT)";
				"CODE_SIGN_IDENTITY[sdk=iphoneos*]" = "iPhone Developer";
				GCC_C_LANGUAGE_STANDARD = gnu99;
				GCC_VERSION = com.apple.compilers.llvmgcc42;
				GCC_WARN_ABOUT_RETURN_TYPE = YES;
				GCC_WARN_UNUSED_VARIABLE = YES;
				IPHONEOS_DEPLOYMENT_TARGET = 4.3;
				OTHER_CFLAGS = "-DNS_BLOCK_ASSERTIONS=1";
				SDKROOT = iphoneos;
			};
			name = Release;
		};
		9C72D46513965D6B00F609F0 /* Debug */ = {
			isa = XCBuildConfiguration;
			buildSettings = {
				ALWAYS_SEARCH_USER_PATHS = NO;
				COPY_PHASE_STRIP = NO;
				GCC_DYNAMIC_NO_PIC = NO;
				GCC_PRECOMPILE_PREFIX_HEADER = YES;
				GCC_PREFIX_HEADER = "LeketIsrael/Rubens-Prefix.pch";
				INFOPLIST_FILE = "LeketIsrael/Rubens-Info.plist";
				PRODUCT_NAME = Rubens;
				TARGETED_DEVICE_FAMILY = 1;
				WRAPPER_EXTENSION = app;
			};
			name = Debug;
		};
		9C72D46613965D6B00F609F0 /* Release */ = {
			isa = XCBuildConfiguration;
			buildSettings = {
				ALWAYS_SEARCH_USER_PATHS = NO;
				COPY_PHASE_STRIP = YES;
				GCC_PRECOMPILE_PREFIX_HEADER = YES;
				GCC_PREFIX_HEADER = "LeketIsrael/Rubens-Prefix.pch";
				INFOPLIST_FILE = "LeketIsrael/Rubens-Info.plist";
				PRODUCT_NAME = Rubens;
				TARGETED_DEVICE_FAMILY = 1;
				VALIDATE_PRODUCT = YES;
				WRAPPER_EXTENSION = app;
			};
			name = Release;
		};
/* End XCBuildConfiguration section */

/* Begin XCConfigurationList section */
		9C72D43D13965D6A00F609F0 /* Build configuration list for PBXProject "Rubens" */ = {
			isa = XCConfigurationList;
			buildConfigurations = (
				9C72D46213965D6B00F609F0 /* Debug */,
				9C72D46313965D6B00F609F0 /* Release */,
			);
			defaultConfigurationIsVisible = 0;
			defaultConfigurationName = Release;
		};
		9C72D46413965D6B00F609F0 /* Build configuration list for PBXNativeTarget "Rubens" */ = {
			isa = XCConfigurationList;
			buildConfigurations = (
				9C72D46513965D6B00F609F0 /* Debug */,
				9C72D46613965D6B00F609F0 /* Release */,
			);
			defaultConfigurationIsVisible = 0;
			defaultConfigurationName = Release;
		};
/* End XCConfigurationList section */
	};
	rootObject = 9C72D43A13965D6A00F609F0 /* Project object */;
}
